
Microsoft Visual Studio Solution File, Format Version 12.00
# Visual Studio 14
VisualStudioVersion = 14.0.25420.1
MinimumVisualStudioVersion = 10.0.40219.1
Project("{FAE04EC0-301F-11D3-BF4B-00C04F79EFBC}") = "SENAI.CadastroPerfil.UI.Site", "SENAI.CadastroPerfil.UI.Site\SENAI.CadastroPerfil.UI.Site.csproj", "{DEF1DC44-C0A5-42A0-8E6B-5B5B1534CC2D}"
EndProject
Global
	GlobalSection(SolutionConfigurationPlatforms) = preSolution
		Debug|Any CPU = Debug|Any CPU
		Release|Any CPU = Release|Any CPU
	EndGlobalSection
	GlobalSection(ProjectConfigurationPlatforms) = postSolution
		{DEF1DC44-C0A5-42A0-8E6B-5B5B1534CC2D}.Debug|Any CPU.ActiveCfg = Debug|Any CPU
		{DEF1DC44-C0A5-42A0-8E6B-5B5B1534CC2D}.Debug|Any CPU.Build.0 = Debug|Any CPU
		{DEF1DC44-C0A5-42A0-8E6B-5B5B1534CC2D}.Release|Any CPU.ActiveCfg = Release|Any CPU
		{DEF1DC44-C0A5-42A0-8E6B-5B5B1534CC2D}.Release|Any CPU.Build.0 = Release|Any CPU
	EndGlobalSection
	GlobalSection(SolutionProperties) = preSolution
		HideSolutionNode = FALSE
	EndGlobalSection
EndGlobal
