
Microsoft Visual Studio Solution File, Format Version 12.00
# Visual Studio 14
VisualStudioVersion = 14.0.25420.1
MinimumVisualStudioVersion = 10.0.40219.1
Project("{FAE04EC0-301F-11D3-BF4B-00C04F79EFBC}") = "AulaTeste", "AulaTeste\AulaTeste.csproj", "{DCEDB2CB-3ECB-4DEB-BEF7-C351ABE4D774}"
EndProject
Project("{FAE04EC0-301F-11D3-BF4B-00C04F79EFBC}") = "ProjetoTeste", "ProjetoTeste\ProjetoTeste.csproj", "{528B1072-6672-4CB5-9B33-C94BEBC52606}"
EndProject
Global
	GlobalSection(SolutionConfigurationPlatforms) = preSolution
		Debug|Any CPU = Debug|Any CPU
		Release|Any CPU = Release|Any CPU
	EndGlobalSection
	GlobalSection(ProjectConfigurationPlatforms) = postSolution
		{DCEDB2CB-3ECB-4DEB-BEF7-C351ABE4D774}.Debug|Any CPU.ActiveCfg = Debug|Any CPU
		{DCEDB2CB-3ECB-4DEB-BEF7-C351ABE4D774}.Debug|Any CPU.Build.0 = Debug|Any CPU
		{DCEDB2CB-3ECB-4DEB-BEF7-C351ABE4D774}.Release|Any CPU.ActiveCfg = Release|Any CPU
		{DCEDB2CB-3ECB-4DEB-BEF7-C351ABE4D774}.Release|Any CPU.Build.0 = Release|Any CPU
		{528B1072-6672-4CB5-9B33-C94BEBC52606}.Debug|Any CPU.ActiveCfg = Debug|Any CPU
		{528B1072-6672-4CB5-9B33-C94BEBC52606}.Debug|Any CPU.Build.0 = Debug|Any CPU
		{528B1072-6672-4CB5-9B33-C94BEBC52606}.Release|Any CPU.ActiveCfg = Release|Any CPU
		{528B1072-6672-4CB5-9B33-C94BEBC52606}.Release|Any CPU.Build.0 = Release|Any CPU
	EndGlobalSection
	GlobalSection(SolutionProperties) = preSolution
		HideSolutionNode = FALSE
	EndGlobalSection
EndGlobal
